
Microsoft Visual Studio Solution File, Format Version 12.00
# Visual Studio Version 17
VisualStudioVersion = 17.14.36915.13 d17.14
MinimumVisualStudioVersion = 10.0.40219.1
Project("{FAE04EC0-301F-11D3-BF4B-00C04F79EFBC}") = "CyberSecurityBot", "CyberSecurityBot.csproj", "{36AE4191-098D-4C6E-A755-1263F2C86400}"
EndProject
Global
	GlobalSection(SolutionConfigurationPlatforms) = preSolution
		Debug|Any CPU = Debug|Any CPU
		Release|Any CPU = Release|Any CPU
	EndGlobalSection
	GlobalSection(ProjectConfigurationPlatforms) = postSolution
		{36AE4191-098D-4C6E-A755-1263F2C86400}.Debug|Any CPU.ActiveCfg = Debug|Any CPU
		{36AE4191-098D-4C6E-A755-1263F2C86400}.Debug|Any CPU.Build.0 = Debug|Any CPU
		{36AE4191-098D-4C6E-A755-1263F2C86400}.Release|Any CPU.ActiveCfg = Release|Any CPU
		{36AE4191-098D-4C6E-A755-1263F2C86400}.Release|Any CPU.Build.0 = Release|Any CPU
	EndGlobalSection
	GlobalSection(SolutionProperties) = preSolution
		HideSolutionNode = FALSE
	EndGlobalSection
	GlobalSection(ExtensibilityGlobals) = postSolution
		SolutionGuid = {4FC7C824-AF78-4711-9514-433A2B740D6D}
	EndGlobalSection
EndGlobal
